{
    "_meta": {
        "hash": {
            "sha256": "76bf2e355b37269e1aba01b5bb77ad2dd6a8d4d3ef7e653ff7f01c7db5ad96d3"
        },
        "pipfile-spec": 6,
        "requires": {
            "python_version": "3.7"
        },
        "sources": [
            {
                "name": "pypi",
                "url": "https://pypi.org/simple",
                "verify_ssl": true
            }
        ]
    },
    "default": {
        "argument": {
            "hashes": [
                "sha256:84c6a3bc874043d99620f371d2ba8b1ff31364df36781238dd321fe30c0b5b18"
            ],
            "index": "pypi",
            "version": "==1.4.0"
        },
        "certifi": {
            "hashes": [
                "sha256:046832c04d4e752f37383b628bc601a7ea7211496b4638f6514d0e5b9acc4939",
                "sha256:945e3ba63a0b9f577b1395204e13c3a231f9bc0223888be653286534e5873695"
            ],
            "version": "==2019.6.16"
        },
        "chardet": {
            "hashes": [
                "sha256:84ab92ed1c4d4f16916e05906b6b75a6c0fb5db821cc65e70cbd64a3e2a5eaae",
                "sha256:fc323ffcaeaed0e0a02bf4d117757b98aed530d9ed4531e3e15460124c106691"
            ],
            "version": "==3.0.4"
        },
        "cython": {
            "hashes": [
                "sha256:07efba7b32c082c519b75e3b03821c2f32848e2b3e9986c784bbd8ffaf0666d7",
                "sha256:08db41daf18fabf7b7a85e39aa26954f6246994540043194af026c0df65a4942",
                "sha256:19bbe3caf885a1d2e2c30eacc10d1e45dbbefb156493fe1d5d1adc1668cc1269",
                "sha256:1c574f2f2ba760b82b2bcf6262e77e75589247dc5ef796a3ff1b2213e50ee452",
                "sha256:1dfe672c686e34598bdbaa93c3b30acb3720ae9258232a4f68ba04ee9969063d",
                "sha256:283faea84e6c4e54c3f5c8ff89aa2b6c1c3a813aad4f6d48ed3b9cc9043ef9f9",
                "sha256:2a145888d0942e7c36e86a7b7c7e2923cb9f7055805a3b72dcb137e3efdb0979",
                "sha256:3f75065936e16569d6e13dfd76de988f5eabeae460aa54770c9b961ab6f747fc",
                "sha256:4d78124f5f281f1d5d5b7919cbbc65a7073ff93562def81ee78a8307e6e72494",
                "sha256:5ba4d088b8e5d59b8a5911ca9c72952acf3c83296b57daf75af92fb2af1e8423",
                "sha256:6b19daeda1d5d1dfc973b291246f6a63a663b20c33980724d6d073c562719536",
                "sha256:790c7dc80fd1c3e38acefe06027e2f5a8466c128c7e47c6e140fd5316132574d",
                "sha256:7f8c4e648881454ba3ba0bcf3b21a9e1878a67d20ea2b8d9ec1c4c628592ab6b",
                "sha256:8bcd3f597290f9902548d6355898d7e376e7f3762f89db9cd50b2b58429df9e8",
                "sha256:8ffb18f71972a5c718a8600d9f52e3507f0d6fb72a978e03270d34a7035c98fb",
                "sha256:92f025df1cb391e09f65775598c7dfb7efad72d74713775db54e267f62ca94a1",
                "sha256:93cf1c72472a2fd0ef4c52f6074dab08fc28d475b9c824ba73a52701f7a48ae1",
                "sha256:9a7fa692cdc967fdbf6a053c1975137d01f6935dede2ef222c71840b290caf79",
                "sha256:a68eb0c1375f2401de881692b30370a51e550052b8e346b2f71bbdbdc74a214f",
                "sha256:ac3b7a12ddd52ea910ee3a041e6bc65df7a52f0ba7bd10fb7123502af482c152",
                "sha256:b402b700edaf571a0bae18ec35d5b71c266873a6616412b672435c10b6d8f041",
                "sha256:c29d069a4a30f472482343c866f7486731ad638ef9af92bfe5fca9c7323d638e",
                "sha256:d822311498f185db449b687336b4e5db7638c8d8b03bdf10ae91d74e23c7cc0c",
                "sha256:dccc8df9e1ac158b06777bbaaeb4516f245f9b147701ae25e6023960e4a0c2a3",
                "sha256:e31f4b946c2765b2f35440fdb4b00c496dfc5babc53c7ae61966b41171d1d59f",
                "sha256:eb43f9e582cc221ee2832e25ea6fe5c06f2acc9da6353c562e922f107db12af8",
                "sha256:f07822248110fd6213db8bc2745fdbbccef6f2b3d18ac91a7fba29c6bc575da5",
                "sha256:ff69854f123b959d4ae14bd5330714bb9ee4360052992dc0fbd0a3dee4261f95"
            ],
            "index": "pypi",
            "version": "==0.29.13"
        },
        "docutils": {
            "hashes": [
                "sha256:3caee0bcb2a49fdf24fcfa70849a60abb7a181aa68b030f7cb7494096181830c"
            ],
            "index": "pypi",
            "version": "==0.14rc2"
        },
        "idna": {
            "hashes": [
                "sha256:c357b3f628cf53ae2c4c05627ecc484553142ca23264e593d327bcde5e9c3407",
                "sha256:ea8b7f6188e6fa117537c3df7da9fc686d485087abf6ac197f9c46432f7e4a3c"
            ],
            "version": "==2.8"
        },
        "importlib-metadata": {
            "hashes": [
                "sha256:23d3d873e008a513952355379d93cbcab874c58f4f034ff657c7a87422fa64e8",
                "sha256:80d2de76188eabfbfcf27e6a37342c2827801e59c4cc14b0371c56fed43820e3"
            ],
            "version": "==0.19"
        },
        "kivy": {
            "hashes": [
                "sha256:090d3ded9835a17477cd93fbdaf0a7c42ff2218981cf198ded5ad8795bc74391",
                "sha256:11e85eaf6efbfa2362a3334ffdad179a1b0ca8d255cca79eaa6a2765560d4982",
                "sha256:1a1ff32f8a95f1e175198cbab81fcd2596783b180d4eafe63e87d171aa7fdb5e",
                "sha256:1d28b198a64c30db8d94a0488e85f3037af60d514ab0d7ad5ab45add3ab77090",
                "sha256:4a5480cbf837d3780c77a4f61b32b56d22ae9f03845e7a89dd3eaef1ae5fd037",
                "sha256:4d0e596f74271e901b551f77661dde238df4765484fce9f5d1c72e8022984e84",
                "sha256:5c3d0f2749522d62e9cce09cd54b2d823bf1b6b644ff1f627be49de6f3e3cba0",
                "sha256:815a5c0b3b72fcd81ca7b2aa0744087163ed03e4cf9ab4e7c9733cea99fc1571",
                "sha256:8819a27a09871af451760cb69486ced52e830c8a0a37480f22ef5e692f12c05b",
                "sha256:a687602d90c4629dd036f577ca39acb76ba581370f9d915f3cab99be818ba8ad",
                "sha256:b7ef6aad43a86d8df3fb865db864e354f2155a748019f8517f69f65c1a29cb64",
                "sha256:b85ccf165050cbf2ee8447671eebbc222b369b40f0e0038dd9547d49a5e37373",
                "sha256:c36652caa7f6c327dee834cfc699d5962d346b7a53e54bd81abc17c314226d89",
                "sha256:ece170514db3f49844a41e4c910ad9ce9bc46da6f47a49158e11266bdcc6e479",
                "sha256:f3bea6e4a21991827885d04127fc6d09a0e974ecfa12da7bf5faae93562ea102",
                "sha256:f835462dd9aa491272552ef079b948a088598e2e95d68bb1d885d2c3f3d4e2c3"
            ],
            "index": "pypi",
            "version": "==1.11.1"
        },
        "kivy-garden": {
            "hashes": [
                "sha256:c256f42788421273a08fbb0a228f0fb0e80dd86b629fb8c0920507f645be6c72"
            ],
            "version": "==0.1.4"
        },
        "numpy": {
            "hashes": [
                "sha256:03e311b0a4c9f5755da7d52161280c6a78406c7be5c5cc7facfbcebb641efb7e",
                "sha256:0cdd229a53d2720d21175012ab0599665f8c9588b3b8ffa6095dd7b90f0691dd",
                "sha256:312bb18e95218bedc3563f26fcc9c1c6bfaaf9d453d15942c0839acdd7e4c473",
                "sha256:464b1c48baf49e8505b1bb754c47a013d2c305c5b14269b5c85ea0625b6a988a",
                "sha256:5adfde7bd3ee4864536e230bcab1c673f866736698724d5d28c11a4d63672658",
                "sha256:7724e9e31ee72389d522b88c0d4201f24edc34277999701ccd4a5392e7d8af61",
                "sha256:8d36f7c53ae741e23f54793ffefb2912340b800476eb0a831c6eb602e204c5c4",
                "sha256:910d2272403c2ea8a52d9159827dc9f7c27fb4b263749dca884e2e4a8af3b302",
                "sha256:951fefe2fb73f84c620bec4e001e80a80ddaa1b84dce244ded7f1e0cbe0ed34a",
                "sha256:9588c6b4157f493edeb9378788dcd02cb9e6a6aeaa518b511a1c79d06cbd8094",
                "sha256:9ce8300950f2f1d29d0e49c28ebfff0d2f1e2a7444830fbb0b913c7c08f31511",
                "sha256:be39cca66cc6806652da97103605c7b65ee4442c638f04ff064a7efd9a81d50a",
                "sha256:c3ab2d835b95ccb59d11dfcd56eb0480daea57cdf95d686d22eff35584bc4554",
                "sha256:eb0fc4a492cb896346c9e2c7a22eae3e766d407df3eb20f4ce027f23f76e4c54",
                "sha256:ec0c56eae6cee6299f41e780a0280318a93db519bbb2906103c43f3e2be1206c",
                "sha256:f4e4612de60a4f1c4d06c8c2857cdcb2b8b5289189a12053f37d3f41f06c60d0"
            ],
            "version": "==1.17.0"
        },
        "opencv-python": {
            "hashes": [
                "sha256:1703a296a96d3d46615e5053f224867977accb4240bcaa0fcabcb0768bf5ac13",
                "sha256:1777ce7535ee7a1995cae168a107a1320e9df13648b930e72a1a2c2eccd64cda",
                "sha256:1e5520482fb18fbd64d079e7f17ac0018f195fd75f6360a53bb82d7903106b50",
                "sha256:25522dcf2529614750a71112a6659759080b4bdc2323f19d47f4d895960fd796",
                "sha256:2af5f2842ad44c65ae2647377e0ff198719e1a1cfc9c6a19bc0c525c035d4bd8",
                "sha256:31ec48d7eca13fc25c287dea7cecab453976e372cad8f50d55c054a247efda21",
                "sha256:47cf48ff5dbd554e9f58cc9e98cf0b5de3f6a971172612bffa06bc5fb79ce872",
                "sha256:494f98366bb5d6c2ac7e50e6617139f353704fd97a6d12ec9d392e72817d5cb0",
                "sha256:4a9845870739e640e3350a8d98d511c92c087fe3d66090e83be7bf94e0ac64f7",
                "sha256:4ac29cc0847d948a6636899014e84e165c30cc8779d6218394d44363462a01ce",
                "sha256:5857ace03b7854221abf8072462d306c2c2ce4e366190b21d90ee8ee8aaf5bb4",
                "sha256:5b4a23d99d5a2874767034466f5a8fd37b9f93ac14955a01b1a208983c76b9ad",
                "sha256:734d87a5021c037064beb62133e135e66c7128e401a63b8b842b809ae2093749",
                "sha256:78005c1c5d15ef4e32e0f485557bd15b5b6d87f49c19db7fe3e9246a61ebe7e4",
                "sha256:81ae2283225c5c52fc3d72debd4241c30ccff2bb922578bf7867f9851cce3acb",
                "sha256:88dbf900f297fdae0f62b899d6a784d8868ec2135854c5f8a9abbad00a6f0c5b",
                "sha256:8c98ea7b8d327a31cd6028782a06147d0e0329ae8e829e881fb5d02f7ed8aec9",
                "sha256:937d4686fef6967921145290f5b50c01c00c5b5d3542a6519e8a85cd88448723",
                "sha256:a057958c0e362b3c4f03b9af1cbdb6d5af035fd22ecd7fd794eba8fdeb049eb8",
                "sha256:c41eab31fa2c641226c6187caa391a688d064c99f078d604574f1912296b771f",
                "sha256:cf4f7e62d1f80d1fa85a1693a3500def5cde54b2b75212b3609e552e4c25acfb",
                "sha256:d90d60143e18334330c149f293071c9f2f3c79c896f33dc4ec65099e58baaaa7",
                "sha256:db3106b7ca86999a7bd1f2fcc93e49314e5e6e451356774e421a69428df5020b",
                "sha256:dbaf264db56f4771dfac6624f438bc4dc670aa94f61a6138848fcab7e9e77380",
                "sha256:e65206c4cf651dc9cf0829962fae8bec986767c9f123d6a1ad17f9356bf7257e",
                "sha256:eac94ddc78c58e891cff7180274317dad2938a4ddfc6ced1c04846c7f50e77e9",
                "sha256:f2e828711f044a965509c862b3a59b3181e9c56c145a950cb53d43fec54e66d2"
            ],
            "index": "pypi",
            "version": "==4.1.0.25"
        },
        "path-py": {
            "hashes": [
                "sha256:e107a3a8834a97be2a047f4b641822afc76a2b78352610102782732e6b389aa3"
            ],
            "index": "pypi",
            "version": "==12.0.1"
        },
        "pexpect": {
            "hashes": [
                "sha256:2094eefdfcf37a1fdbfb9aa090862c1a4878e5c7e0e7e7088bdb511c558e5cd1",
                "sha256:9e2c1fd0e6ee3a49b28f95d4b33bc389c89b20af6a1255906e90ff1262ce62eb"
            ],
            "index": "pypi",
            "version": "==4.7.0"
        },
        "pifacedigitalio": {
            "hashes": [
                "sha256:3de827cbc58df1799d464ab3dc92a2ba99c9b521dce6aa633db21d7e015d55ed"
            ],
            "index": "pypi",
            "version": "==3.0.5"
        },
        "pillow": {
            "hashes": [
                "sha256:0804f77cb1e9b6dbd37601cee11283bba39a8d44b9ddb053400c58e0c0d7d9de",
                "sha256:0ab7c5b5d04691bcbd570658667dd1e21ca311c62dcfd315ad2255b1cd37f64f",
                "sha256:0b3e6cf3ea1f8cecd625f1420b931c83ce74f00c29a0ff1ce4385f99900ac7c4",
                "sha256:365c06a45712cd723ec16fa4ceb32ce46ad201eb7bbf6d3c16b063c72b61a3ed",
                "sha256:38301fbc0af865baa4752ddae1bb3cbb24b3d8f221bf2850aad96b243306fa03",
                "sha256:3aef1af1a91798536bbab35d70d35750bd2884f0832c88aeb2499aa2d1ed4992",
                "sha256:3fe0ab49537d9330c9bba7f16a5f8b02da615b5c809cdf7124f356a0f182eccd",
                "sha256:45a619d5c1915957449264c81c008934452e3fd3604e36809212300b2a4dab68",
                "sha256:49f90f147883a0c3778fd29d3eb169d56416f25758d0f66775db9184debc8010",
                "sha256:571b5a758baf1cb6a04233fb23d6cf1ca60b31f9f641b1700bfaab1194020555",
                "sha256:5ac381e8b1259925287ccc5a87d9cf6322a2dc88ae28a97fe3e196385288413f",
                "sha256:6153db744a743c0c8c91b8e3b9d40e0b13a5d31dbf8a12748c6d9bfd3ddc01ad",
                "sha256:6fd63afd14a16f5d6b408f623cc2142917a1f92855f0df997e09a49f0341be8a",
                "sha256:70acbcaba2a638923c2d337e0edea210505708d7859b87c2bd81e8f9902ae826",
                "sha256:70b1594d56ed32d56ed21a7fbb2a5c6fd7446cdb7b21e749c9791eac3a64d9e4",
                "sha256:76638865c83b1bb33bcac2a61ce4d13c17dba2204969dedb9ab60ef62bede686",
                "sha256:7b2ec162c87fc496aa568258ac88631a2ce0acfe681a9af40842fc55deaedc99",
                "sha256:7cee2cef07c8d76894ebefc54e4bb707dfc7f258ad155bd61d87f6cd487a70ff",
                "sha256:7d16d4498f8b374fc625c4037742fbdd7f9ac383fd50b06f4df00c81ef60e829",
                "sha256:b50bc1780681b127e28f0075dfb81d6135c3a293e0c1d0211133c75e2179b6c0",
                "sha256:bd0582f831ad5bcad6ca001deba4568573a4675437db17c4031939156ff339fa",
                "sha256:cfd40d8a4b59f7567620410f966bb1f32dc555b2b19f82a91b147fac296f645c",
                "sha256:e3ae410089de680e8f84c68b755b42bc42c0ceb8c03dbea88a5099747091d38e",
                "sha256:e9046e559c299b395b39ac7dbf16005308821c2f24a63cae2ab173bd6aa11616",
                "sha256:ef6be704ae2bc8ad0ebc5cb850ee9139493b0fc4e81abcc240fb392a63ebc808",
                "sha256:f8dc19d92896558f9c4317ee365729ead9d7bbcf2052a9a19a3ef17abbb8ac5b"
            ],
            "index": "pypi",
            "version": "==6.1.0"
        },
        "ptyprocess": {
            "hashes": [
                "sha256:923f299cc5ad920c68f2bc0bc98b75b9f838b93b599941a6b63ddbc2476394c0",
                "sha256:d7cc528d76e76342423ca640335bd3633420dc1366f258cb31d05e865ef5ca1f"
            ],
            "version": "==0.6.0"
        },
        "pygments": {
            "hashes": [
                "sha256:71e430bc85c88a430f000ac1d9b331d2407f681d6f6aec95e8bcfbc3df5b0127",
                "sha256:881c4c157e45f30af185c1ffe8d549d48ac9127433f2c380c24b84572ad66297"
            ],
            "version": "==2.4.2"
        },
        "pyserial": {
            "hashes": [
                "sha256:6e2d401fdee0eab996cf734e67773a0143b932772ca8b42451440cfed942c627",
                "sha256:e0770fadba80c31013896c7e6ef703f72e7834965954a78e71a3049488d4d7d8"
            ],
            "index": "pypi",
            "version": "==3.4"
        },
        "python-dateutil": {
            "hashes": [
                "sha256:7e6584c74aeed623791615e26efd690f29817a27c73085b78e4bad02493df2fb",
                "sha256:c89805f6f4d64db21ed966fda138f8a5ed7a4fdbc1a8ee329ce1b74e3c74da9e"
            ],
            "version": "==2.8.0"
        },
        "pyzmq": {
            "hashes": [
                "sha256:00dd015159eaeb1c0731ad49310e1f5d839c9a35a15e4f3267f5052233fad99b",
                "sha256:03913b6beb8e7b417b9910b0ee1fd5d62e9626d218faefbe879d70714ceab1a2",
                "sha256:13f17386df81d5e6efb9a4faea341d8de22cdc82e49a326dded26e33f42a3112",
                "sha256:16c6281d96885db1e15f7047ddc1a8f48ff4ea35d31ca709f4d2eb39f246d356",
                "sha256:17efab4a804e31f58361631256d660214204046f9e2b962738b171b9ad674ea7",
                "sha256:2b79919ddeff3d3c96aa6087c21d294c8db1c01f6bfeee73324944683685f419",
                "sha256:2f832e4711657bb8d16ea1feba860f676ec5f14fb9fe3b449b5953a60e89edae",
                "sha256:31a11d37ac73107363b47e14c94547dbfc6a550029c3fe0530be443199026fc2",
                "sha256:33a3e928e6c3138c675e1d6702dd11f6b7050177d7aab3fc322db6e1d2274490",
                "sha256:34a38195a6d3a9646cbcdaf8eb245b4d935c7a57f7e1b3af467814bc1a92467e",
                "sha256:42900054f1500acef6df7428edf806abbf641bf92eb9ceded24aa863397c3bae",
                "sha256:4ccc7f3c63aa9d744dadb62c49eda2d0e7de55649b80c45d7c684d70161a69af",
                "sha256:5b220c37c346e6575db8c88a940c1fc234f99ce8e0068c408919bb8896c4b6d2",
                "sha256:6074848da5c8b44a1ca40adf75cf65aa92bc80f635e8249aa8f37a69b2b9b6f5",
                "sha256:61a4155964bd4a14ef95bf46cb1651bcf8dcbbed8c0108e9c974c1fcbb57788f",
                "sha256:62b5774688326600c52f587f7a033ca6b6284bef4c8b1b5fda32480897759eac",
                "sha256:65a9ffa4f9f085d696f16fd7541f34b3c357d25fe99c90e3bce2ea59c3b5b4b6",
                "sha256:76a077d2c30f8adc5e919a55985a784b96aeca69b53c1ea6fd5723d3ae2e6f53",
                "sha256:8e5b4c51557071d6379d6dc1f54f35e9f6a137f5e84e102efb869c8d3c13c8ff",
                "sha256:917f73e07cc04f0678a96d93e7bb8b1adcccdde9ccfe202e622814f4d1d1ecfd",
                "sha256:91c75d3c4c357f9643e739db9e79ab9681b2f6ae8ec5678d6ef2ea0d01532596",
                "sha256:923dd91618b100bb4c92ab9ed7b65825a595b8524a094ce03c7cb2aaae7d353b",
                "sha256:9849054e0355e2bc7f4668766a25517ba76095031c9ff5e39ae8949cee5bb024",
                "sha256:c9d453933f0e3f44b9759189f2a18aa765f7f1a4345c727c18ebe8ad0d748d26",
                "sha256:cb7514936277abce64c2f4c56883e5704d85ed04d98d2d432d1c6764003bb003"
            ],
            "index": "pypi",
            "version": "==18.0.2"
        },
        "qrcode": {
            "hashes": [
                "sha256:3996ee560fc39532910603704c82980ff6d4d5d629f9c3f25f34174ce8606cf5",
                "sha256:505253854f607f2abf4d16092c61d4e9d511a3b4392e60bff957a68592b04369"
            ],
            "index": "pypi",
            "version": "==6.1"
        },
        "requests": {
            "hashes": [
                "sha256:11e007a8a2aa0323f5a921e9e6a2d7e4e67d9877e85773fba9ba6419025cbeb4",
                "sha256:9cf5292fcd0f598c671cfc1e0d7d1a7f13bb8085e9a590f48c010551dc6c4b31"
            ],
            "index": "pypi",
            "version": "==2.22.0"
        },
        "ruamel.yaml": {
            "hashes": [
                "sha256:4c1dbad22790b5ea8587c2a0cae97ebc7a9d0d88de5d0edb70dea2eab7d8534a",
                "sha256:eb4b1ffd095785c50f110118cb6f7bb9cd011ecc013b014436d38b7f8fb7afa9"
            ],
            "version": "==0.16.0"
        },
        "ruamel.yaml.clib": {
            "hashes": [
                "sha256:32c37bdc7ee5fbc5e794b497b98f98ecc12e1f1541cdd3bbd65f8ec32e0270d2",
                "sha256:385b70734435d2f66f00823d4e224c1a4b53dfeaf9ded3a655a6a2f9c229b1f6",
                "sha256:4040ddea350698138e341395508b8dd7610b2312177cb41c8db2b6260adee348",
                "sha256:4dc088e55e0cc3f8c18652e830e3ecff159425f01327de4d94e5ce473fdcd2f8",
                "sha256:53768934bc28ce07ca82c02d9db6717ae9bad4cdf9511d3a3e6d1b576235d04e",
                "sha256:53fd2ef53be8301707662f4c353731d97a4cb2b372972b7dcd73ef245dbab9e9",
                "sha256:5712728e6ba56d3b93f5f99a175760c778420caae714687592548c4f7699782e",
                "sha256:66df3233e5cca3528be2a700f2a54e26262dde6d5e22b34953e7f44785857c8c",
                "sha256:750a15f07178d91204ce4baffb16697cef4c8f583495d4f0fec52902dad8e7fc",
                "sha256:820ec13201ed5c015dc74ea7087b2c5c56b8aeb51af4b7d7c859e0b45c07f035",
                "sha256:8dcab8a09c17a030d046749eb97ed9a81e02bb642d7816e8757fc5a3016af89d",
                "sha256:9e1acd628f2bf601fd4df69523476ee4640be8ba7d9aff8f04cd66a1ae07f119",
                "sha256:b31bc078c9bac3dbb5855e94eb382aeef23076bf3d1a2d02ee8d91c55567cb08",
                "sha256:b7a681e2d6dbd147ec9808cb1a736c1ef96bc2c693f54e0fc01fe0d10409bd88",
                "sha256:c1333e8911c29c6e209db117345141d5fcb772464d62cac3e117912a965d9619",
                "sha256:d583e7b9646418dff5ee0e36875b3cabc3d0fb925dfdeec239697c583388f9b2",
                "sha256:da610ff9feeb075641128ce40881d2ac3c8e57e7ea04636169b0c3b5e8f711f7",
                "sha256:e9b6ebb62806817b01e9eea9fc7da57c12557e44e94e79f5fa82eca4bc7fad60",
                "sha256:f36035f1c0b6a7a20010e98b582d38272514a77f34cd45ec0d2847abaa89ac78"
            ],
            "markers": "platform_python_implementation == 'CPython' and python_version < '3.8'",
            "version": "==0.1.0"
        },
        "six": {
            "hashes": [
                "sha256:3350809f0555b11f552448330d0b52d5f24c91a322ea4a15ef22629740f3761c",
                "sha256:d16a0141ec1a18405cd4ce8b4613101da75da0e9a7aec5bdd4fa804d0e0eba73"
            ],
            "version": "==1.12.0"
        },
        "strictyaml": {
            "hashes": [
                "sha256:e2d341653991358f66de0eed506e9dc1200a89fdb4575592f7b444b2ff3c66be"
            ],
            "index": "pypi",
            "version": "==1.0.2"
        },
        "urllib3": {
            "hashes": [
                "sha256:b246607a25ac80bedac05c6f282e3cdaf3afb65420fd024ac94435cabe6e18d1",
                "sha256:dbe59173209418ae49d485b87d1681aefa36252ee85884c31346debd19463232"
            ],
            "version": "==1.25.3"
        },
        "zipp": {
            "hashes": [
                "sha256:4970c3758f4e89a7857a973b1e2a5d75bcdc47794442f2e2dd4fe8e0466e809a",
                "sha256:8a5712cfd3bb4248015eb3b0b3c54a5f6ee3f2425963ef2a0125b8bc40aafaec"
            ],
            "version": "==0.5.2"
        }
    },
    "develop": {}
}
